
Microsoft Visual Studio Solution File, Format Version 12.00
# Visual Studio Version 17
VisualStudioVersion = 17.7.34018.315
MinimumVisualStudioVersion = 10.0.40219.1
Project("{FAE04EC0-301F-11D3-BF4B-00C04F79EFBC}") = "projetAvion", "projetAvion\projetAvion.csproj", "{668B8C20-3BB5-4B23-B2DA-441DD5682D8C}"
EndProject
Global
	GlobalSection(SolutionConfigurationPlatforms) = preSolution
		Debug|Any CPU = Debug|Any CPU
		Release|Any CPU = Release|Any CPU
	EndGlobalSection
	GlobalSection(ProjectConfigurationPlatforms) = postSolution
		{668B8C20-3BB5-4B23-B2DA-441DD5682D8C}.Debug|Any CPU.ActiveCfg = Debug|Any CPU
		{668B8C20-3BB5-4B23-B2DA-441DD5682D8C}.Debug|Any CPU.Build.0 = Debug|Any CPU
		{668B8C20-3BB5-4B23-B2DA-441DD5682D8C}.Release|Any CPU.ActiveCfg = Release|Any CPU
		{668B8C20-3BB5-4B23-B2DA-441DD5682D8C}.Release|Any CPU.Build.0 = Release|Any CPU
	EndGlobalSection
	GlobalSection(SolutionProperties) = preSolution
		HideSolutionNode = FALSE
	EndGlobalSection
	GlobalSection(ExtensibilityGlobals) = postSolution
		SolutionGuid = {A02773E6-B5A6-46E9-BAA2-CCC3629422C3}
	EndGlobalSection
EndGlobal
